// !$*UTF8*$!
{
	archiveVersion = 1;
	classes = {
	};
	objectVersion = 50;
	objects = {

/* Begin PBXBuildFile section */
		87BBB6C323A73C370090E18E /* AppDelegate.swift in Sources */ = {isa = PBXBuildFile; fileRef = 87BBB6C223A73C370090E18E /* AppDelegate.swift */; };
		87BBB6C523A73C370090E18E /* SceneDelegate.swift in Sources */ = {isa = PBXBuildFile; fileRef = 87BBB6C423A73C370090E18E /* SceneDelegate.swift */; };
		87BBB6C723A73C370090E18E /* ViewController.swift in Sources */ = {isa = PBXBuildFile; fileRef = 87BBB6C623A73C370090E18E /* ViewController.swift */; };
		87BBB6CA23A73C370090E18E /* Main.storyboard in Resources */ = {isa = PBXBuildFile; fileRef = 87BBB6C823A73C370090E18E /* Main.storyboard */; };
		87BBB6CC23A73C3D0090E18E /* Assets.xcassets in Resources */ = {isa = PBXBuildFile; fileRef = 87BBB6CB23A73C3D0090E18E /* Assets.xcassets */; };
		87BBB6CF23A73C3D0090E18E /* LaunchScreen.storyboard in Resources */ = {isa = PBXBuildFile; fileRef = 87BBB6CD23A73C3D0090E18E /* LaunchScreen.storyboard */; };
		87BBB6DA23A73C3D0090E18E /* customCollectionViewTests.swift in Sources */ = {isa = PBXBuildFile; fileRef = 87BBB6D923A73C3D0090E18E /* customCollectionViewTests.swift */; };
		87BBB6E523A73C3D0090E18E /* customCollectionViewUITests.swift in Sources */ = {isa = PBXBuildFile; fileRef = 87BBB6E423A73C3D0090E18E /* customCollectionViewUITests.swift */; };
		87BBB6FA23A74F4A0090E18E /* CustomCell.swift in Sources */ = {isa = PBXBuildFile; fileRef = 87BBB6F823A74F4A0090E18E /* CustomCell.swift */; };
		87BBB6FB23A74F4A0090E18E /* CustomCell.xib in Resources */ = {isa = PBXBuildFile; fileRef = 87BBB6F923A74F4A0090E18E /* CustomCell.xib */; };
		87BBB6FD23A7541C0090E18E /* Model.swift in Sources */ = {isa = PBXBuildFile; fileRef = 87BBB6FC23A7541C0090E18E /* Model.swift */; };
/* End PBXBuildFile section */

/* Begin PBXContainerItemProxy section */
		87BBB6D623A73C3D0090E18E /* PBXContainerItemProxy */ = {
			isa = PBXContainerItemProxy;
			containerPortal = 87BBB6B723A73C370090E18E /* Project object */;
			proxyType = 1;
			remoteGlobalIDString = 87BBB6BE23A73C370090E18E;
			remoteInfo = customCollectionView;
		};
		87BBB6E123A73C3D0090E18E /* PBXContainerItemProxy */ = {
			isa = PBXContainerItemProxy;
			containerPortal = 87BBB6B723A73C370090E18E /* Project object */;
			proxyType = 1;
			remoteGlobalIDString = 87BBB6BE23A73C370090E18E;
			remoteInfo = customCollectionView;
		};
/* End PBXContainerItemProxy section */

/* Begin PBXFileReference section */
		87BBB6BF23A73C370090E18E /* customCollectionView.app */ = {isa = PBXFileReference; explicitFileType = wrapper.application; includeInIndex = 0; path = customCollectionView.app; sourceTree = BUILT_PRODUCTS_DIR; };
		87BBB6C223A73C370090E18E /* AppDelegate.swift */ = {isa = PBXFileReference; lastKnownFileType = sourcecode.swift; path = AppDelegate.swift; sourceTree = "<group>"; };
		87BBB6C423A73C370090E18E /* SceneDelegate.swift */ = {isa = PBXFileReference; lastKnownFileType = sourcecode.swift; path = SceneDelegate.swift; sourceTree = "<group>"; };
		87BBB6C623A73C370090E18E /* ViewController.swift */ = {isa = PBXFileReference; lastKnownFileType = sourcecode.swift; path = ViewController.swift; sourceTree = "<group>"; };
		87BBB6C923A73C370090E18E /* Base */ = {isa = PBXFileReference; lastKnownFileType = file.storyboard; name = Base; path = Base.lproj/Main.storyboard; sourceTree = "<group>"; };
		87BBB6CB23A73C3D0090E18E /* Assets.xcassets */ = {isa = PBXFileReference; lastKnownFileType = folder.assetcatalog; path = Assets.xcassets; sourceTree = "<group>"; };
		87BBB6CE23A73C3D0090E18E /* Base */ = {isa = PBXFileReference; lastKnownFileType = file.storyboard; name = Base; path = Base.lproj/LaunchScreen.storyboard; sourceTree = "<group>"; };
		87BBB6D023A73C3D0090E18E /* Info.plist */ = {isa = PBXFileReference; lastKnownFileType = text.plist.xml; path = Info.plist; sourceTree = "<group>"; };
		87BBB6D523A73C3D0090E18E /* customCollectionViewTests.xctest */ = {isa = PBXFileReference; explicitFileType = wrapper.cfbundle; includeInIndex = 0; path = customCollectionViewTests.xctest; sourceTree = BUILT_PRODUCTS_DIR; };
		87BBB6D923A73C3D0090E18E /* customCollectionViewTests.swift */ = {isa = PBXFileReference; lastKnownFileType = sourcecode.swift; path = customCollectionViewTests.swift; sourceTree = "<group>"; };
		87BBB6DB23A73C3D0090E18E /* Info.plist */ = {isa = PBXFileReference; lastKnownFileType = text.plist.xml; path = Info.plist; sourceTree = "<group>"; };
		87BBB6E023A73C3D0090E18E /* customCollectionViewUITests.xctest */ = {isa = PBXFileReference; explicitFileType = wrapper.cfbundle; includeInIndex = 0; path = customCollectionViewUITests.xctest; sourceTree = BUILT_PRODUCTS_DIR; };
		87BBB6E423A73C3D0090E18E /* customCollectionViewUITests.swift */ = {isa = PBXFileReference; lastKnownFileType = sourcecode.swift; path = customCollectionViewUITests.swift; sourceTree = "<group>"; };
		87BBB6E623A73C3D0090E18E /* Info.plist */ = {isa = PBXFileReference; lastKnownFileType = text.plist.xml; path = Info.plist; sourceTree = "<group>"; };
		87BBB6F823A74F4A0090E18E /* CustomCell.swift */ = {isa = PBXFileReference; lastKnownFileType = sourcecode.swift; path = CustomCell.swift; sourceTree = "<group>"; };
		87BBB6F923A74F4A0090E18E /* CustomCell.xib */ = {isa = PBXFileReference; lastKnownFileType = file.xib; path = CustomCell.xib; sourceTree = "<group>"; };
		87BBB6FC23A7541C0090E18E /* Model.swift */ = {isa = PBXFileReference; lastKnownFileType = sourcecode.swift; path = Model.swift; sourceTree = "<group>"; };
/* End PBXFileReference section */

/* Begin PBXFrameworksBuildPhase section */
		87BBB6BC23A73C370090E18E /* Frameworks */ = {
			isa = PBXFrameworksBuildPhase;
			buildActionMask = 2147483647;
			files = (
			);
			runOnlyForDeploymentPostprocessing = 0;
		};
		87BBB6D223A73C3D0090E18E /* Frameworks */ = {
			isa = PBXFrameworksBuildPhase;
			buildActionMask = 2147483647;
			files = (
			);
			runOnlyForDeploymentPostprocessing = 0;
		};
		87BBB6DD23A73C3D0090E18E /* Frameworks */ = {
			isa = PBXFrameworksBuildPhase;
			buildActionMask = 2147483647;
			files = (
			);
			runOnlyForDeploymentPostprocessing = 0;
		};
/* End PBXFrameworksBuildPhase section */

/* Begin PBXGroup section */
		87BBB6B623A73C370090E18E = {
			isa = PBXGroup;
			children = (
				87BBB6C123A73C370090E18E /* customCollectionView */,
				87BBB6D823A73C3D0090E18E /* customCollectionViewTests */,
				87BBB6E323A73C3D0090E18E /* customCollectionViewUITests */,
				87BBB6C023A73C370090E18E /* Products */,
			);
			sourceTree = "<group>";
		};
		87BBB6C023A73C370090E18E /* Products */ = {
			isa = PBXGroup;
			children = (
				87BBB6BF23A73C370090E18E /* customCollectionView.app */,
				87BBB6D523A73C3D0090E18E /* customCollectionViewTests.xctest */,
				87BBB6E023A73C3D0090E18E /* customCollectionViewUITests.xctest */,
			);
			name = Products;
			sourceTree = "<group>";
		};
		87BBB6C123A73C370090E18E /* customCollectionView */ = {
			isa = PBXGroup;
			children = (
				87BBB6C223A73C370090E18E /* AppDelegate.swift */,
				87BBB6C423A73C370090E18E /* SceneDelegate.swift */,
				87BBB6C623A73C370090E18E /* ViewController.swift */,
				87BBB6FC23A7541C0090E18E /* Model.swift */,
				87BBB6C823A73C370090E18E /* Main.storyboard */,
				87BBB6F823A74F4A0090E18E /* CustomCell.swift */,
				87BBB6F923A74F4A0090E18E /* CustomCell.xib */,
				87BBB6CB23A73C3D0090E18E /* Assets.xcassets */,
				87BBB6CD23A73C3D0090E18E /* LaunchScreen.storyboard */,
				87BBB6D023A73C3D0090E18E /* Info.plist */,
			);
			path = customCollectionView;
			sourceTree = "<group>";
		};
		87BBB6D823A73C3D0090E18E /* customCollectionViewTests */ = {
			isa = PBXGroup;
			children = (
				87BBB6D923A73C3D0090E18E /* customCollectionViewTests.swift */,
				87BBB6DB23A73C3D0090E18E /* Info.plist */,
			);
			path = customCollectionViewTests;
			sourceTree = "<group>";
		};
		87BBB6E323A73C3D0090E18E /* customCollectionViewUITests */ = {
			isa = PBXGroup;
			children = (
				87BBB6E423A73C3D0090E18E /* customCollectionViewUITests.swift */,
				87BBB6E623A73C3D0090E18E /* Info.plist */,
			);
			path = customCollectionViewUITests;
			sourceTree = "<group>";
		};
/* End PBXGroup section */

/* Begin PBXNativeTarget section */
		87BBB6BE23A73C370090E18E /* customCollectionView */ = {
			isa = PBXNativeTarget;
			buildConfigurationList = 87BBB6E923A73C3D0090E18E /* Build configuration list for PBXNativeTarget "customCollectionView" */;
			buildPhases = (
				87BBB6BB23A73C370090E18E /* Sources */,
				87BBB6BC23A73C370090E18E /* Frameworks */,
				87BBB6BD23A73C370090E18E /* Resources */,
			);
			buildRules = (
			);
			dependencies = (
			);
			name = customCollectionView;
			productName = customCollectionView;
			productReference = 87BBB6BF23A73C370090E18E /* customCollectionView.app */;
			productType = "com.apple.product-type.application";
		};
		87BBB6D423A73C3D0090E18E /* customCollectionViewTests */ = {
			isa = PBXNativeTarget;
			buildConfigurationList = 87BBB6EC23A73C3D0090E18E /* Build configuration list for PBXNativeTarget "customCollectionViewTests" */;
			buildPhases = (
				87BBB6D123A73C3D0090E18E /* Sources */,
				87BBB6D223A73C3D0090E18E /* Frameworks */,
				87BBB6D323A73C3D0090E18E /* Resources */,
			);
			buildRules = (
			);
			dependencies = (
				87BBB6D723A73C3D0090E18E /* PBXTargetDependency */,
			);
			name = customCollectionViewTests;
			productName = customCollectionViewTests;
			productReference = 87BBB6D523A73C3D0090E18E /* customCollectionViewTests.xctest */;
			productType = "com.apple.product-type.bundle.unit-test";
		};
		87BBB6DF23A73C3D0090E18E /* customCollectionViewUITests */ = {
			isa = PBXNativeTarget;
			buildConfigurationList = 87BBB6EF23A73C3D0090E18E /* Build configuration list for PBXNativeTarget "customCollectionViewUITests" */;
			buildPhases = (
				87BBB6DC23A73C3D0090E18E /* Sources */,
				87BBB6DD23A73C3D0090E18E /* Frameworks */,
				87BBB6DE23A73C3D0090E18E /* Resources */,
			);
			buildRules = (
			);
			dependencies = (
				87BBB6E223A73C3D0090E18E /* PBXTargetDependency */,
			);
			name = customCollectionViewUITests;
			productName = customCollectionViewUITests;
			productReference = 87BBB6E023A73C3D0090E18E /* customCollectionViewUITests.xctest */;
			productType = "com.apple.product-type.bundle.ui-testing";
		};
/* End PBXNativeTarget section */

/* Begin PBXProject section */
		87BBB6B723A73C370090E18E /* Project object */ = {
			isa = PBXProject;
			attributes = {
				LastSwiftUpdateCheck = 1120;
				LastUpgradeCheck = 1120;
				ORGANIZATIONNAME = "Takato Nakamatsu";
				TargetAttributes = {
					87BBB6BE23A73C370090E18E = {
						CreatedOnToolsVersion = 11.2.1;
					};
					87BBB6D423A73C3D0090E18E = {
						CreatedOnToolsVersion = 11.2.1;
						TestTargetID = 87BBB6BE23A73C370090E18E;
					};
					87BBB6DF23A73C3D0090E18E = {
						CreatedOnToolsVersion = 11.2.1;
						TestTargetID = 87BBB6BE23A73C370090E18E;
					};
				};
			};
			buildConfigurationList = 87BBB6BA23A73C370090E18E /* Build configuration list for PBXProject "customCollectionView" */;
			compatibilityVersion = "Xcode 9.3";
			developmentRegion = en;
			hasScannedForEncodings = 0;
			knownRegions = (
				en,
				Base,
			);
			mainGroup = 87BBB6B623A73C370090E18E;
			productRefGroup = 87BBB6C023A73C370090E18E /* Products */;
			projectDirPath = "";
			projectRoot = "";
			targets = (
				87BBB6BE23A73C370090E18E /* customCollectionView */,
				87BBB6D423A73C3D0090E18E /* customCollectionViewTests */,
				87BBB6DF23A73C3D0090E18E /* customCollectionViewUITests */,
			);
		};
/* End PBXProject section */

/* Begin PBXResourcesBuildPhase section */
		87BBB6BD23A73C370090E18E /* Resources */ = {
			isa = PBXResourcesBuildPhase;
			buildActionMask = 2147483647;
			files = (
				87BBB6CF23A73C3D0090E18E /* LaunchScreen.storyboard in Resources */,
				87BBB6CC23A73C3D0090E18E /* Assets.xcassets in Resources */,
				87BBB6FB23A74F4A0090E18E /* CustomCell.xib in Resources */,
				87BBB6CA23A73C370090E18E /* Main.storyboard in Resources */,
			);
			runOnlyForDeploymentPostprocessing = 0;
		};
		87BBB6D323A73C3D0090E18E /* Resources */ = {
			isa = PBXResourcesBuildPhase;
			buildActionMask = 2147483647;
			files = (
			);
			runOnlyForDeploymentPostprocessing = 0;
		};
		87BBB6DE23A73C3D0090E18E /* Resources */ = {
			isa = PBXResourcesBuildPhase;
			buildActionMask = 2147483647;
			files = (
			);
			runOnlyForDeploymentPostprocessing = 0;
		};
/* End PBXResourcesBuildPhase section */

/* Begin PBXSourcesBuildPhase section */
		87BBB6BB23A73C370090E18E /* Sources */ = {
			isa = PBXSourcesBuildPhase;
			buildActionMask = 2147483647;
			files = (
				87BBB6FD23A7541C0090E18E /* Model.swift in Sources */,
				87BBB6C723A73C370090E18E /* ViewController.swift in Sources */,
				87BBB6C323A73C370090E18E /* AppDelegate.swift in Sources */,
				87BBB6FA23A74F4A0090E18E /* CustomCell.swift in Sources */,
				87BBB6C523A73C370090E18E /* SceneDelegate.swift in Sources */,
			);
			runOnlyForDeploymentPostprocessing = 0;
		};
		87BBB6D123A73C3D0090E18E /* Sources */ = {
			isa = PBXSourcesBuildPhase;
			buildActionMask = 2147483647;
			files = (
				87BBB6DA23A73C3D0090E18E /* customCollectionViewTests.swift in Sources */,
			);
			runOnlyForDeploymentPostprocessing = 0;
		};
		87BBB6DC23A73C3D0090E18E /* Sources */ = {
			isa = PBXSourcesBuildPhase;
			buildActionMask = 2147483647;
			files = (
				87BBB6E523A73C3D0090E18E /* customCollectionViewUITests.swift in Sources */,
			);
			runOnlyForDeploymentPostprocessing = 0;
		};
/* End PBXSourcesBuildPhase section */

/* Begin PBXTargetDependency section */
		87BBB6D723A73C3D0090E18E /* PBXTargetDependency */ = {
			isa = PBXTargetDependency;
			target = 87BBB6BE23A73C370090E18E /* customCollectionView */;
			targetProxy = 87BBB6D623A73C3D0090E18E /* PBXContainerItemProxy */;
		};
		87BBB6E223A73C3D0090E18E /* PBXTargetDependency */ = {
			isa = PBXTargetDependency;
			target = 87BBB6BE23A73C370090E18E /* customCollectionView */;
			targetProxy = 87BBB6E123A73C3D0090E18E /* PBXContainerItemProxy */;
		};
/* End PBXTargetDependency section */

/* Begin PBXVariantGroup section */
		87BBB6C823A73C370090E18E /* Main.storyboard */ = {
			isa = PBXVariantGroup;
			children = (
				87BBB6C923A73C370090E18E /* Base */,
			);
			name = Main.storyboard;
			sourceTree = "<group>";
		};
		87BBB6CD23A73C3D0090E18E /* LaunchScreen.storyboard */ = {
			isa = PBXVariantGroup;
			children = (
				87BBB6CE23A73C3D0090E18E /* Base */,
			);
			name = LaunchScreen.storyboard;
			sourceTree = "<group>";
		};
/* End PBXVariantGroup section */

/* Begin XCBuildConfiguration section */
		87BBB6E723A73C3D0090E18E /* Debug */ = {
			isa = XCBuildConfiguration;
			buildSettings = {
				ALWAYS_SEARCH_USER_PATHS = NO;
				CLANG_ANALYZER_NONNULL = YES;
				CLANG_ANALYZER_NUMBER_OBJECT_CONVERSION = YES_AGGRESSIVE;
				CLANG_CXX_LANGUAGE_STANDARD = "gnu++14";
				CLANG_CXX_LIBRARY = "libc++";
				CLANG_ENABLE_MODULES = YES;
				CLANG_ENABLE_OBJC_ARC = YES;
				CLANG_ENABLE_OBJC_WEAK = YES;
				CLANG_WARN_BLOCK_CAPTURE_AUTORELEASING = YES;
				CLANG_WARN_BOOL_CONVERSION = YES;
				CLANG_WARN_COMMA = YES;
				CLANG_WARN_CONSTANT_CONVERSION = YES;
				CLANG_WARN_DEPRECATED_OBJC_IMPLEMENTATIONS = YES;
				CLANG_WARN_DIRECT_OBJC_ISA_USAGE = YES_ERROR;
				CLANG_WARN_DOCUMENTATION_COMMENTS = YES;
				CLANG_WARN_EMPTY_BODY = YES;
				CLANG_WARN_ENUM_CONVERSION = YES;
				CLANG_WARN_INFINITE_RECURSION = YES;
				CLANG_WARN_INT_CONVERSION = YES;
				CLANG_WARN_NON_LITERAL_NULL_CONVERSION = YES;
				CLANG_WARN_OBJC_IMPLICIT_RETAIN_SELF = YES;
				CLANG_WARN_OBJC_LITERAL_CONVERSION = YES;
				CLANG_WARN_OBJC_ROOT_CLASS = YES_ERROR;
				CLANG_WARN_RANGE_LOOP_ANALYSIS = YES;
				CLANG_WARN_STRICT_PROTOTYPES = YES;
				CLANG_WARN_SUSPICIOUS_MOVE = YES;
				CLANG_WARN_UNGUARDED_AVAILABILITY = YES_AGGRESSIVE;
				CLANG_WARN_UNREACHABLE_CODE = YES;
				CLANG_WARN__DUPLICATE_METHOD_MATCH = YES;
				COPY_PHASE_STRIP = NO;
				DEBUG_INFORMATION_FORMAT = dwarf;
				ENABLE_STRICT_OBJC_MSGSEND = YES;
				ENABLE_TESTABILITY = YES;
				GCC_C_LANGUAGE_STANDARD = gnu11;
				GCC_DYNAMIC_NO_PIC = NO;
				GCC_NO_COMMON_BLOCKS = YES;
				GCC_OPTIMIZATION_LEVEL = 0;
				GCC_PREPROCESSOR_DEFINITIONS = (
					"DEBUG=1",
					"$(inherited)",
				);
				GCC_WARN_64_TO_32_BIT_CONVERSION = YES;
				GCC_WARN_ABOUT_RETURN_TYPE = YES_ERROR;
				GCC_WARN_UNDECLARED_SELECTOR = YES;
				GCC_WARN_UNINITIALIZED_AUTOS = YES_AGGRESSIVE;
				GCC_WARN_UNUSED_FUNCTION = YES;
				GCC_WARN_UNUSED_VARIABLE = YES;
				IPHONEOS_DEPLOYMENT_TARGET = 13.2;
				MTL_ENABLE_DEBUG_INFO = INCLUDE_SOURCE;
				MTL_FAST_MATH = YES;
				ONLY_ACTIVE_ARCH = YES;
				SDKROOT = iphoneos;
				SWIFT_ACTIVE_COMPILATION_CONDITIONS = DEBUG;
				SWIFT_OPTIMIZATION_LEVEL = "-Onone";
			};
			name = Debug;
		};
		87BBB6E823A73C3D0090E18E /* Release */ = {
			isa = XCBuildConfiguration;
			buildSettings = {
				ALWAYS_SEARCH_USER_PATHS = NO;
				CLANG_ANALYZER_NONNULL = YES;
				CLANG_ANALYZER_NUMBER_OBJECT_CONVERSION = YES_AGGRESSIVE;
				CLANG_CXX_LANGUAGE_STANDARD = "gnu++14";
				CLANG_CXX_LIBRARY = "libc++";
				CLANG_ENABLE_MODULES = YES;
				CLANG_ENABLE_OBJC_ARC = YES;
				CLANG_ENABLE_OBJC_WEAK = YES;
				CLANG_WARN_BLOCK_CAPTURE_AUTORELEASING = YES;
				CLANG_WARN_BOOL_CONVERSION = YES;
				CLANG_WARN_COMMA = YES;
				CLANG_WARN_CONSTANT_CONVERSION = YES;
				CLANG_WARN_DEPRECATED_OBJC_IMPLEMENTATIONS = YES;
				CLANG_WARN_DIRECT_OBJC_ISA_USAGE = YES_ERROR;
				CLANG_WARN_DOCUMENTATION_COMMENTS = YES;
				CLANG_WARN_EMPTY_BODY = YES;
				CLANG_WARN_ENUM_CONVERSION = YES;
				CLANG_WARN_INFINITE_RECURSION = YES;
				CLANG_WARN_INT_CONVERSION = YES;
				CLANG_WARN_NON_LITERAL_NULL_CONVERSION = YES;
				CLANG_WARN_OBJC_IMPLICIT_RETAIN_SELF = YES;
				CLANG_WARN_OBJC_LITERAL_CONVERSION = YES;
				CLANG_WARN_OBJC_ROOT_CLASS = YES_ERROR;
				CLANG_WARN_RANGE_LOOP_ANALYSIS = YES;
				CLANG_WARN_STRICT_PROTOTYPES = YES;
				CLANG_WARN_SUSPICIOUS_MOVE = YES;
				CLANG_WARN_UNGUARDED_AVAILABILITY = YES_AGGRESSIVE;
				CLANG_WARN_UNREACHABLE_CODE = YES;
				CLANG_WARN__DUPLICATE_METHOD_MATCH = YES;
				COPY_PHASE_STRIP = NO;
				DEBUG_INFORMATION_FORMAT = "dwarf-with-dsym";
				ENABLE_NS_ASSERTIONS = NO;
				ENABLE_STRICT_OBJC_MSGSEND = YES;
				GCC_C_LANGUAGE_STANDARD = gnu11;
				GCC_NO_COMMON_BLOCKS = YES;
				GCC_WARN_64_TO_32_BIT_CONVERSION = YES;
				GCC_WARN_ABOUT_RETURN_TYPE = YES_ERROR;
				GCC_WARN_UNDECLARED_SELECTOR = YES;
				GCC_WARN_UNINITIALIZED_AUTOS = YES_AGGRESSIVE;
				GCC_WARN_UNUSED_FUNCTION = YES;
				GCC_WARN_UNUSED_VARIABLE = YES;
				IPHONEOS_DEPLOYMENT_TARGET = 13.2;
				MTL_ENABLE_DEBUG_INFO = NO;
				MTL_FAST_MATH = YES;
				SDKROOT = iphoneos;
				SWIFT_COMPILATION_MODE = wholemodule;
				SWIFT_OPTIMIZATION_LEVEL = "-O";
				VALIDATE_PRODUCT = YES;
			};
			name = Release;
		};
		87BBB6EA23A73C3D0090E18E /* Debug */ = {
			isa = XCBuildConfiguration;
			buildSettings = {
				ASSETCATALOG_COMPILER_APPICON_NAME = AppIcon;
				CODE_SIGN_STYLE = Automatic;
				DEVELOPMENT_TEAM = 55JFH8JW5G;
				INFOPLIST_FILE = customCollectionView/Info.plist;
				IPHONEOS_DEPLOYMENT_TARGET = 13.1;
				LD_RUNPATH_SEARCH_PATHS = (
					"$(inherited)",
					"@executable_path/Frameworks",
				);
				PRODUCT_BUNDLE_IDENTIFIER = tsun.customCollectionView;
				PRODUCT_NAME = "$(TARGET_NAME)";
				SWIFT_VERSION = 5.0;
				TARGETED_DEVICE_FAMILY = "1,2";
			};
			name = Debug;
		};
		87BBB6EB23A73C3D0090E18E /* Release */ = {
			isa = XCBuildConfiguration;
			buildSettings = {
				ASSETCATALOG_COMPILER_APPICON_NAME = AppIcon;
				CODE_SIGN_STYLE = Automatic;
				DEVELOPMENT_TEAM = 55JFH8JW5G;
				INFOPLIST_FILE = customCollectionView/Info.plist;
				IPHONEOS_DEPLOYMENT_TARGET = 13.1;
				LD_RUNPATH_SEARCH_PATHS = (
					"$(inherited)",
					"@executable_path/Frameworks",
				);
				PRODUCT_BUNDLE_IDENTIFIER = tsun.customCollectionView;
				PRODUCT_NAME = "$(TARGET_NAME)";
				SWIFT_VERSION = 5.0;
				TARGETED_DEVICE_FAMILY = "1,2";
			};
			name = Release;
		};
		87BBB6ED23A73C3D0090E18E /* Debug */ = {
			isa = XCBuildConfiguration;
			buildSettings = {
				ALWAYS_EMBED_SWIFT_STANDARD_LIBRARIES = YES;
				BUNDLE_LOADER = "$(TEST_HOST)";
				CODE_SIGN_STYLE = Automatic;
				DEVELOPMENT_TEAM = 55JFH8JW5G;
				INFOPLIST_FILE = customCollectionViewTests/Info.plist;
				IPHONEOS_DEPLOYMENT_TARGET = 13.2;
				LD_RUNPATH_SEARCH_PATHS = (
					"$(inherited)",
					"@executable_path/Frameworks",
					"@loader_path/Frameworks",
				);
				PRODUCT_BUNDLE_IDENTIFIER = tsun.customCollectionViewTests;
				PRODUCT_NAME = "$(TARGET_NAME)";
				SWIFT_VERSION = 5.0;
				TARGETED_DEVICE_FAMILY = "1,2";
				TEST_HOST = "$(BUILT_PRODUCTS_DIR)/customCollectionView.app/customCollectionView";
			};
			name = Debug;
		};
		87BBB6EE23A73C3D0090E18E /* Release */ = {
			isa = XCBuildConfiguration;
			buildSettings = {
				ALWAYS_EMBED_SWIFT_STANDARD_LIBRARIES = YES;
				BUNDLE_LOADER = "$(TEST_HOST)";
				CODE_SIGN_STYLE = Automatic;
				DEVELOPMENT_TEAM = 55JFH8JW5G;
				INFOPLIST_FILE = customCollectionViewTests/Info.plist;
				IPHONEOS_DEPLOYMENT_TARGET = 13.2;
				LD_RUNPATH_SEARCH_PATHS = (
					"$(inherited)",
					"@executable_path/Frameworks",
					"@loader_path/Frameworks",
				);
				PRODUCT_BUNDLE_IDENTIFIER = tsun.customCollectionViewTests;
				PRODUCT_NAME = "$(TARGET_NAME)";
				SWIFT_VERSION = 5.0;
				TARGETED_DEVICE_FAMILY = "1,2";
				TEST_HOST = "$(BUILT_PRODUCTS_DIR)/customCollectionView.app/customCollectionView";
			};
			name = Release;
		};
		87BBB6F023A73C3D0090E18E /* Debug */ = {
			isa = XCBuildConfiguration;
			buildSettings = {
				ALWAYS_EMBED_SWIFT_STANDARD_LIBRARIES = YES;
				CODE_SIGN_STYLE = Automatic;
				DEVELOPMENT_TEAM = 55JFH8JW5G;
				INFOPLIST_FILE = customCollectionViewUITests/Info.plist;
				LD_RUNPATH_SEARCH_PATHS = (
					"$(inherited)",
					"@executable_path/Frameworks",
					"@loader_path/Frameworks",
				);
				PRODUCT_BUNDLE_IDENTIFIER = tsun.customCollectionViewUITests;
				PRODUCT_NAME = "$(TARGET_NAME)";
				SWIFT_VERSION = 5.0;
				TARGETED_DEVICE_FAMILY = "1,2";
				TEST_TARGET_NAME = customCollectionView;
			};
			name = Debug;
		};
		87BBB6F123A73C3D0090E18E /* Release */ = {
			isa = XCBuildConfiguration;
			buildSettings = {
				ALWAYS_EMBED_SWIFT_STANDARD_LIBRARIES = YES;
				CODE_SIGN_STYLE = Automatic;
				DEVELOPMENT_TEAM = 55JFH8JW5G;
				INFOPLIST_FILE = customCollectionViewUITests/Info.plist;
				LD_RUNPATH_SEARCH_PATHS = (
					"$(inherited)",
					"@executable_path/Frameworks",
					"@loader_path/Frameworks",
				);
				PRODUCT_BUNDLE_IDENTIFIER = tsun.customCollectionViewUITests;
				PRODUCT_NAME = "$(TARGET_NAME)";
				SWIFT_VERSION = 5.0;
				TARGETED_DEVICE_FAMILY = "1,2";
				TEST_TARGET_NAME = customCollectionView;
			};
			name = Release;
		};
/* End XCBuildConfiguration section */

/* Begin XCConfigurationList section */
		87BBB6BA23A73C370090E18E /* Build configuration list for PBXProject "customCollectionView" */ = {
			isa = XCConfigurationList;
			buildConfigurations = (
				87BBB6E723A73C3D0090E18E /* Debug */,
				87BBB6E823A73C3D0090E18E /* Release */,
			);
			defaultConfigurationIsVisible = 0;
			defaultConfigurationName = Release;
		};
		87BBB6E923A73C3D0090E18E /* Build configuration list for PBXNativeTarget "customCollectionView" */ = {
			isa = XCConfigurationList;
			buildConfigurations = (
				87BBB6EA23A73C3D0090E18E /* Debug */,
				87BBB6EB23A73C3D0090E18E /* Release */,
			);
			defaultConfigurationIsVisible = 0;
			defaultConfigurationName = Release;
		};
		87BBB6EC23A73C3D0090E18E /* Build configuration list for PBXNativeTarget "customCollectionViewTests" */ = {
			isa = XCConfigurationList;
			buildConfigurations = (
				87BBB6ED23A73C3D0090E18E /* Debug */,
				87BBB6EE23A73C3D0090E18E /* Release */,
			);
			defaultConfigurationIsVisible = 0;
			defaultConfigurationName = Release;
		};
		87BBB6EF23A73C3D0090E18E /* Build configuration list for PBXNativeTarget "customCollectionViewUITests" */ = {
			isa = XCConfigurationList;
			buildConfigurations = (
				87BBB6F023A73C3D0090E18E /* Debug */,
				87BBB6F123A73C3D0090E18E /* Release */,
			);
			defaultConfigurationIsVisible = 0;
			defaultConfigurationName = Release;
		};
/* End XCConfigurationList section */
	};
	rootObject = 87BBB6B723A73C370090E18E /* Project object */;
}
