// !$*UTF8*$!
{
	archiveVersion = 1;
	classes = {
	};
	objectVersion = 50;
	objects = {

/* Begin PBXBuildFile section */
		8743CB7423A3726C0036625D /* AppDelegate.swift in Sources */ = {isa = PBXBuildFile; fileRef = 8743CB7323A3726C0036625D /* AppDelegate.swift */; };
		8743CB7623A3726C0036625D /* SceneDelegate.swift in Sources */ = {isa = PBXBuildFile; fileRef = 8743CB7523A3726C0036625D /* SceneDelegate.swift */; };
		8743CB7823A3726C0036625D /* ViewController.swift in Sources */ = {isa = PBXBuildFile; fileRef = 8743CB7723A3726C0036625D /* ViewController.swift */; };
		8743CB7B23A3726C0036625D /* Main.storyboard in Resources */ = {isa = PBXBuildFile; fileRef = 8743CB7923A3726C0036625D /* Main.storyboard */; };
		8743CB7D23A372700036625D /* Assets.xcassets in Resources */ = {isa = PBXBuildFile; fileRef = 8743CB7C23A372700036625D /* Assets.xcassets */; };
		8743CB8023A372700036625D /* LaunchScreen.storyboard in Resources */ = {isa = PBXBuildFile; fileRef = 8743CB7E23A372700036625D /* LaunchScreen.storyboard */; };
		8743CB8B23A372700036625D /* collectionviewTests.swift in Sources */ = {isa = PBXBuildFile; fileRef = 8743CB8A23A372700036625D /* collectionviewTests.swift */; };
		8743CB9623A372700036625D /* collectionviewUITests.swift in Sources */ = {isa = PBXBuildFile; fileRef = 8743CB9523A372700036625D /* collectionviewUITests.swift */; };
		8743CBBB23A378F60036625D /* myCell.swift in Sources */ = {isa = PBXBuildFile; fileRef = 8743CBBA23A378F60036625D /* myCell.swift */; };
/* End PBXBuildFile section */

/* Begin PBXContainerItemProxy section */
		8743CB8723A372700036625D /* PBXContainerItemProxy */ = {
			isa = PBXContainerItemProxy;
			containerPortal = 8743CB6823A3726C0036625D /* Project object */;
			proxyType = 1;
			remoteGlobalIDString = 8743CB6F23A3726C0036625D;
			remoteInfo = collectionview;
		};
		8743CB9223A372700036625D /* PBXContainerItemProxy */ = {
			isa = PBXContainerItemProxy;
			containerPortal = 8743CB6823A3726C0036625D /* Project object */;
			proxyType = 1;
			remoteGlobalIDString = 8743CB6F23A3726C0036625D;
			remoteInfo = collectionview;
		};
/* End PBXContainerItemProxy section */

/* Begin PBXFileReference section */
		8743CB7023A3726C0036625D /* collectionview.app */ = {isa = PBXFileReference; explicitFileType = wrapper.application; includeInIndex = 0; path = collectionview.app; sourceTree = BUILT_PRODUCTS_DIR; };
		8743CB7323A3726C0036625D /* AppDelegate.swift */ = {isa = PBXFileReference; lastKnownFileType = sourcecode.swift; path = AppDelegate.swift; sourceTree = "<group>"; };
		8743CB7523A3726C0036625D /* SceneDelegate.swift */ = {isa = PBXFileReference; lastKnownFileType = sourcecode.swift; path = SceneDelegate.swift; sourceTree = "<group>"; };
		8743CB7723A3726C0036625D /* ViewController.swift */ = {isa = PBXFileReference; lastKnownFileType = sourcecode.swift; path = ViewController.swift; sourceTree = "<group>"; };
		8743CB7A23A3726C0036625D /* Base */ = {isa = PBXFileReference; lastKnownFileType = file.storyboard; name = Base; path = Base.lproj/Main.storyboard; sourceTree = "<group>"; };
		8743CB7C23A372700036625D /* Assets.xcassets */ = {isa = PBXFileReference; lastKnownFileType = folder.assetcatalog; path = Assets.xcassets; sourceTree = "<group>"; };
		8743CB7F23A372700036625D /* Base */ = {isa = PBXFileReference; lastKnownFileType = file.storyboard; name = Base; path = Base.lproj/LaunchScreen.storyboard; sourceTree = "<group>"; };
		8743CB8123A372700036625D /* Info.plist */ = {isa = PBXFileReference; lastKnownFileType = text.plist.xml; path = Info.plist; sourceTree = "<group>"; };
		8743CB8623A372700036625D /* collectionviewTests.xctest */ = {isa = PBXFileReference; explicitFileType = wrapper.cfbundle; includeInIndex = 0; path = collectionviewTests.xctest; sourceTree = BUILT_PRODUCTS_DIR; };
		8743CB8A23A372700036625D /* collectionviewTests.swift */ = {isa = PBXFileReference; lastKnownFileType = sourcecode.swift; path = collectionviewTests.swift; sourceTree = "<group>"; };
		8743CB8C23A372700036625D /* Info.plist */ = {isa = PBXFileReference; lastKnownFileType = text.plist.xml; path = Info.plist; sourceTree = "<group>"; };
		8743CB9123A372700036625D /* collectionviewUITests.xctest */ = {isa = PBXFileReference; explicitFileType = wrapper.cfbundle; includeInIndex = 0; path = collectionviewUITests.xctest; sourceTree = BUILT_PRODUCTS_DIR; };
		8743CB9523A372700036625D /* collectionviewUITests.swift */ = {isa = PBXFileReference; lastKnownFileType = sourcecode.swift; path = collectionviewUITests.swift; sourceTree = "<group>"; };
		8743CB9723A372700036625D /* Info.plist */ = {isa = PBXFileReference; lastKnownFileType = text.plist.xml; path = Info.plist; sourceTree = "<group>"; };
		8743CBBA23A378F60036625D /* myCell.swift */ = {isa = PBXFileReference; lastKnownFileType = sourcecode.swift; path = myCell.swift; sourceTree = "<group>"; };
/* End PBXFileReference section */

/* Begin PBXFrameworksBuildPhase section */
		8743CB6D23A3726C0036625D /* Frameworks */ = {
			isa = PBXFrameworksBuildPhase;
			buildActionMask = 2147483647;
			files = (
			);
			runOnlyForDeploymentPostprocessing = 0;
		};
		8743CB8323A372700036625D /* Frameworks */ = {
			isa = PBXFrameworksBuildPhase;
			buildActionMask = 2147483647;
			files = (
			);
			runOnlyForDeploymentPostprocessing = 0;
		};
		8743CB8E23A372700036625D /* Frameworks */ = {
			isa = PBXFrameworksBuildPhase;
			buildActionMask = 2147483647;
			files = (
			);
			runOnlyForDeploymentPostprocessing = 0;
		};
/* End PBXFrameworksBuildPhase section */

/* Begin PBXGroup section */
		8743CB6723A3726C0036625D = {
			isa = PBXGroup;
			children = (
				8743CB7223A3726C0036625D /* collectionview */,
				8743CB8923A372700036625D /* collectionviewTests */,
				8743CB9423A372700036625D /* collectionviewUITests */,
				8743CB7123A3726C0036625D /* Products */,
			);
			sourceTree = "<group>";
		};
		8743CB7123A3726C0036625D /* Products */ = {
			isa = PBXGroup;
			children = (
				8743CB7023A3726C0036625D /* collectionview.app */,
				8743CB8623A372700036625D /* collectionviewTests.xctest */,
				8743CB9123A372700036625D /* collectionviewUITests.xctest */,
			);
			name = Products;
			sourceTree = "<group>";
		};
		8743CB7223A3726C0036625D /* collectionview */ = {
			isa = PBXGroup;
			children = (
				8743CB7323A3726C0036625D /* AppDelegate.swift */,
				8743CB7523A3726C0036625D /* SceneDelegate.swift */,
				8743CB7723A3726C0036625D /* ViewController.swift */,
				8743CB7923A3726C0036625D /* Main.storyboard */,
				8743CB7C23A372700036625D /* Assets.xcassets */,
				8743CBBA23A378F60036625D /* myCell.swift */,
				8743CB7E23A372700036625D /* LaunchScreen.storyboard */,
				8743CB8123A372700036625D /* Info.plist */,
			);
			path = collectionview;
			sourceTree = "<group>";
		};
		8743CB8923A372700036625D /* collectionviewTests */ = {
			isa = PBXGroup;
			children = (
				8743CB8A23A372700036625D /* collectionviewTests.swift */,
				8743CB8C23A372700036625D /* Info.plist */,
			);
			path = collectionviewTests;
			sourceTree = "<group>";
		};
		8743CB9423A372700036625D /* collectionviewUITests */ = {
			isa = PBXGroup;
			children = (
				8743CB9523A372700036625D /* collectionviewUITests.swift */,
				8743CB9723A372700036625D /* Info.plist */,
			);
			path = collectionviewUITests;
			sourceTree = "<group>";
		};
/* End PBXGroup section */

/* Begin PBXNativeTarget section */
		8743CB6F23A3726C0036625D /* collectionview */ = {
			isa = PBXNativeTarget;
			buildConfigurationList = 8743CB9A23A372700036625D /* Build configuration list for PBXNativeTarget "collectionview" */;
			buildPhases = (
				8743CB6C23A3726C0036625D /* Sources */,
				8743CB6D23A3726C0036625D /* Frameworks */,
				8743CB6E23A3726C0036625D /* Resources */,
			);
			buildRules = (
			);
			dependencies = (
			);
			name = collectionview;
			productName = collectionview;
			productReference = 8743CB7023A3726C0036625D /* collectionview.app */;
			productType = "com.apple.product-type.application";
		};
		8743CB8523A372700036625D /* collectionviewTests */ = {
			isa = PBXNativeTarget;
			buildConfigurationList = 8743CB9D23A372700036625D /* Build configuration list for PBXNativeTarget "collectionviewTests" */;
			buildPhases = (
				8743CB8223A372700036625D /* Sources */,
				8743CB8323A372700036625D /* Frameworks */,
				8743CB8423A372700036625D /* Resources */,
			);
			buildRules = (
			);
			dependencies = (
				8743CB8823A372700036625D /* PBXTargetDependency */,
			);
			name = collectionviewTests;
			productName = collectionviewTests;
			productReference = 8743CB8623A372700036625D /* collectionviewTests.xctest */;
			productType = "com.apple.product-type.bundle.unit-test";
		};
		8743CB9023A372700036625D /* collectionviewUITests */ = {
			isa = PBXNativeTarget;
			buildConfigurationList = 8743CBA023A372700036625D /* Build configuration list for PBXNativeTarget "collectionviewUITests" */;
			buildPhases = (
				8743CB8D23A372700036625D /* Sources */,
				8743CB8E23A372700036625D /* Frameworks */,
				8743CB8F23A372700036625D /* Resources */,
			);
			buildRules = (
			);
			dependencies = (
				8743CB9323A372700036625D /* PBXTargetDependency */,
			);
			name = collectionviewUITests;
			productName = collectionviewUITests;
			productReference = 8743CB9123A372700036625D /* collectionviewUITests.xctest */;
			productType = "com.apple.product-type.bundle.ui-testing";
		};
/* End PBXNativeTarget section */

/* Begin PBXProject section */
		8743CB6823A3726C0036625D /* Project object */ = {
			isa = PBXProject;
			attributes = {
				LastSwiftUpdateCheck = 1120;
				LastUpgradeCheck = 1120;
				ORGANIZATIONNAME = "Takato Nakamatsu";
				TargetAttributes = {
					8743CB6F23A3726C0036625D = {
						CreatedOnToolsVersion = 11.2.1;
					};
					8743CB8523A372700036625D = {
						CreatedOnToolsVersion = 11.2.1;
						TestTargetID = 8743CB6F23A3726C0036625D;
					};
					8743CB9023A372700036625D = {
						CreatedOnToolsVersion = 11.2.1;
						TestTargetID = 8743CB6F23A3726C0036625D;
					};
				};
			};
			buildConfigurationList = 8743CB6B23A3726C0036625D /* Build configuration list for PBXProject "collectionview" */;
			compatibilityVersion = "Xcode 9.3";
			developmentRegion = en;
			hasScannedForEncodings = 0;
			knownRegions = (
				en,
				Base,
			);
			mainGroup = 8743CB6723A3726C0036625D;
			productRefGroup = 8743CB7123A3726C0036625D /* Products */;
			projectDirPath = "";
			projectRoot = "";
			targets = (
				8743CB6F23A3726C0036625D /* collectionview */,
				8743CB8523A372700036625D /* collectionviewTests */,
				8743CB9023A372700036625D /* collectionviewUITests */,
			);
		};
/* End PBXProject section */

/* Begin PBXResourcesBuildPhase section */
		8743CB6E23A3726C0036625D /* Resources */ = {
			isa = PBXResourcesBuildPhase;
			buildActionMask = 2147483647;
			files = (
				8743CB8023A372700036625D /* LaunchScreen.storyboard in Resources */,
				8743CB7D23A372700036625D /* Assets.xcassets in Resources */,
				8743CB7B23A3726C0036625D /* Main.storyboard in Resources */,
			);
			runOnlyForDeploymentPostprocessing = 0;
		};
		8743CB8423A372700036625D /* Resources */ = {
			isa = PBXResourcesBuildPhase;
			buildActionMask = 2147483647;
			files = (
			);
			runOnlyForDeploymentPostprocessing = 0;
		};
		8743CB8F23A372700036625D /* Resources */ = {
			isa = PBXResourcesBuildPhase;
			buildActionMask = 2147483647;
			files = (
			);
			runOnlyForDeploymentPostprocessing = 0;
		};
/* End PBXResourcesBuildPhase section */

/* Begin PBXSourcesBuildPhase section */
		8743CB6C23A3726C0036625D /* Sources */ = {
			isa = PBXSourcesBuildPhase;
			buildActionMask = 2147483647;
			files = (
				8743CB7823A3726C0036625D /* ViewController.swift in Sources */,
				8743CB7423A3726C0036625D /* AppDelegate.swift in Sources */,
				8743CBBB23A378F60036625D /* myCell.swift in Sources */,
				8743CB7623A3726C0036625D /* SceneDelegate.swift in Sources */,
			);
			runOnlyForDeploymentPostprocessing = 0;
		};
		8743CB8223A372700036625D /* Sources */ = {
			isa = PBXSourcesBuildPhase;
			buildActionMask = 2147483647;
			files = (
				8743CB8B23A372700036625D /* collectionviewTests.swift in Sources */,
			);
			runOnlyForDeploymentPostprocessing = 0;
		};
		8743CB8D23A372700036625D /* Sources */ = {
			isa = PBXSourcesBuildPhase;
			buildActionMask = 2147483647;
			files = (
				8743CB9623A372700036625D /* collectionviewUITests.swift in Sources */,
			);
			runOnlyForDeploymentPostprocessing = 0;
		};
/* End PBXSourcesBuildPhase section */

/* Begin PBXTargetDependency section */
		8743CB8823A372700036625D /* PBXTargetDependency */ = {
			isa = PBXTargetDependency;
			target = 8743CB6F23A3726C0036625D /* collectionview */;
			targetProxy = 8743CB8723A372700036625D /* PBXContainerItemProxy */;
		};
		8743CB9323A372700036625D /* PBXTargetDependency */ = {
			isa = PBXTargetDependency;
			target = 8743CB6F23A3726C0036625D /* collectionview */;
			targetProxy = 8743CB9223A372700036625D /* PBXContainerItemProxy */;
		};
/* End PBXTargetDependency section */

/* Begin PBXVariantGroup section */
		8743CB7923A3726C0036625D /* Main.storyboard */ = {
			isa = PBXVariantGroup;
			children = (
				8743CB7A23A3726C0036625D /* Base */,
			);
			name = Main.storyboard;
			sourceTree = "<group>";
		};
		8743CB7E23A372700036625D /* LaunchScreen.storyboard */ = {
			isa = PBXVariantGroup;
			children = (
				8743CB7F23A372700036625D /* Base */,
			);
			name = LaunchScreen.storyboard;
			sourceTree = "<group>";
		};
/* End PBXVariantGroup section */

/* Begin XCBuildConfiguration section */
		8743CB9823A372700036625D /* Debug */ = {
			isa = XCBuildConfiguration;
			buildSettings = {
				ALWAYS_SEARCH_USER_PATHS = NO;
				CLANG_ANALYZER_NONNULL = YES;
				CLANG_ANALYZER_NUMBER_OBJECT_CONVERSION = YES_AGGRESSIVE;
				CLANG_CXX_LANGUAGE_STANDARD = "gnu++14";
				CLANG_CXX_LIBRARY = "libc++";
				CLANG_ENABLE_MODULES = YES;
				CLANG_ENABLE_OBJC_ARC = YES;
				CLANG_ENABLE_OBJC_WEAK = YES;
				CLANG_WARN_BLOCK_CAPTURE_AUTORELEASING = YES;
				CLANG_WARN_BOOL_CONVERSION = YES;
				CLANG_WARN_COMMA = YES;
				CLANG_WARN_CONSTANT_CONVERSION = YES;
				CLANG_WARN_DEPRECATED_OBJC_IMPLEMENTATIONS = YES;
				CLANG_WARN_DIRECT_OBJC_ISA_USAGE = YES_ERROR;
				CLANG_WARN_DOCUMENTATION_COMMENTS = YES;
				CLANG_WARN_EMPTY_BODY = YES;
				CLANG_WARN_ENUM_CONVERSION = YES;
				CLANG_WARN_INFINITE_RECURSION = YES;
				CLANG_WARN_INT_CONVERSION = YES;
				CLANG_WARN_NON_LITERAL_NULL_CONVERSION = YES;
				CLANG_WARN_OBJC_IMPLICIT_RETAIN_SELF = YES;
				CLANG_WARN_OBJC_LITERAL_CONVERSION = YES;
				CLANG_WARN_OBJC_ROOT_CLASS = YES_ERROR;
				CLANG_WARN_RANGE_LOOP_ANALYSIS = YES;
				CLANG_WARN_STRICT_PROTOTYPES = YES;
				CLANG_WARN_SUSPICIOUS_MOVE = YES;
				CLANG_WARN_UNGUARDED_AVAILABILITY = YES_AGGRESSIVE;
				CLANG_WARN_UNREACHABLE_CODE = YES;
				CLANG_WARN__DUPLICATE_METHOD_MATCH = YES;
				COPY_PHASE_STRIP = NO;
				DEBUG_INFORMATION_FORMAT = dwarf;
				ENABLE_STRICT_OBJC_MSGSEND = YES;
				ENABLE_TESTABILITY = YES;
				GCC_C_LANGUAGE_STANDARD = gnu11;
				GCC_DYNAMIC_NO_PIC = NO;
				GCC_NO_COMMON_BLOCKS = YES;
				GCC_OPTIMIZATION_LEVEL = 0;
				GCC_PREPROCESSOR_DEFINITIONS = (
					"DEBUG=1",
					"$(inherited)",
				);
				GCC_WARN_64_TO_32_BIT_CONVERSION = YES;
				GCC_WARN_ABOUT_RETURN_TYPE = YES_ERROR;
				GCC_WARN_UNDECLARED_SELECTOR = YES;
				GCC_WARN_UNINITIALIZED_AUTOS = YES_AGGRESSIVE;
				GCC_WARN_UNUSED_FUNCTION = YES;
				GCC_WARN_UNUSED_VARIABLE = YES;
				IPHONEOS_DEPLOYMENT_TARGET = 13.2;
				MTL_ENABLE_DEBUG_INFO = INCLUDE_SOURCE;
				MTL_FAST_MATH = YES;
				ONLY_ACTIVE_ARCH = YES;
				SDKROOT = iphoneos;
				SWIFT_ACTIVE_COMPILATION_CONDITIONS = DEBUG;
				SWIFT_OPTIMIZATION_LEVEL = "-Onone";
			};
			name = Debug;
		};
		8743CB9923A372700036625D /* Release */ = {
			isa = XCBuildConfiguration;
			buildSettings = {
				ALWAYS_SEARCH_USER_PATHS = NO;
				CLANG_ANALYZER_NONNULL = YES;
				CLANG_ANALYZER_NUMBER_OBJECT_CONVERSION = YES_AGGRESSIVE;
				CLANG_CXX_LANGUAGE_STANDARD = "gnu++14";
				CLANG_CXX_LIBRARY = "libc++";
				CLANG_ENABLE_MODULES = YES;
				CLANG_ENABLE_OBJC_ARC = YES;
				CLANG_ENABLE_OBJC_WEAK = YES;
				CLANG_WARN_BLOCK_CAPTURE_AUTORELEASING = YES;
				CLANG_WARN_BOOL_CONVERSION = YES;
				CLANG_WARN_COMMA = YES;
				CLANG_WARN_CONSTANT_CONVERSION = YES;
				CLANG_WARN_DEPRECATED_OBJC_IMPLEMENTATIONS = YES;
				CLANG_WARN_DIRECT_OBJC_ISA_USAGE = YES_ERROR;
				CLANG_WARN_DOCUMENTATION_COMMENTS = YES;
				CLANG_WARN_EMPTY_BODY = YES;
				CLANG_WARN_ENUM_CONVERSION = YES;
				CLANG_WARN_INFINITE_RECURSION = YES;
				CLANG_WARN_INT_CONVERSION = YES;
				CLANG_WARN_NON_LITERAL_NULL_CONVERSION = YES;
				CLANG_WARN_OBJC_IMPLICIT_RETAIN_SELF = YES;
				CLANG_WARN_OBJC_LITERAL_CONVERSION = YES;
				CLANG_WARN_OBJC_ROOT_CLASS = YES_ERROR;
				CLANG_WARN_RANGE_LOOP_ANALYSIS = YES;
				CLANG_WARN_STRICT_PROTOTYPES = YES;
				CLANG_WARN_SUSPICIOUS_MOVE = YES;
				CLANG_WARN_UNGUARDED_AVAILABILITY = YES_AGGRESSIVE;
				CLANG_WARN_UNREACHABLE_CODE = YES;
				CLANG_WARN__DUPLICATE_METHOD_MATCH = YES;
				COPY_PHASE_STRIP = NO;
				DEBUG_INFORMATION_FORMAT = "dwarf-with-dsym";
				ENABLE_NS_ASSERTIONS = NO;
				ENABLE_STRICT_OBJC_MSGSEND = YES;
				GCC_C_LANGUAGE_STANDARD = gnu11;
				GCC_NO_COMMON_BLOCKS = YES;
				GCC_WARN_64_TO_32_BIT_CONVERSION = YES;
				GCC_WARN_ABOUT_RETURN_TYPE = YES_ERROR;
				GCC_WARN_UNDECLARED_SELECTOR = YES;
				GCC_WARN_UNINITIALIZED_AUTOS = YES_AGGRESSIVE;
				GCC_WARN_UNUSED_FUNCTION = YES;
				GCC_WARN_UNUSED_VARIABLE = YES;
				IPHONEOS_DEPLOYMENT_TARGET = 13.2;
				MTL_ENABLE_DEBUG_INFO = NO;
				MTL_FAST_MATH = YES;
				SDKROOT = iphoneos;
				SWIFT_COMPILATION_MODE = wholemodule;
				SWIFT_OPTIMIZATION_LEVEL = "-O";
				VALIDATE_PRODUCT = YES;
			};
			name = Release;
		};
		8743CB9B23A372700036625D /* Debug */ = {
			isa = XCBuildConfiguration;
			buildSettings = {
				ASSETCATALOG_COMPILER_APPICON_NAME = AppIcon;
				CODE_SIGN_STYLE = Automatic;
				DEVELOPMENT_TEAM = 55JFH8JW5G;
				INFOPLIST_FILE = collectionview/Info.plist;
				IPHONEOS_DEPLOYMENT_TARGET = 13.1;
				LD_RUNPATH_SEARCH_PATHS = (
					"$(inherited)",
					"@executable_path/Frameworks",
				);
				PRODUCT_BUNDLE_IDENTIFIER = tsun.collectionview;
				PRODUCT_NAME = "$(TARGET_NAME)";
				SWIFT_VERSION = 5.0;
				TARGETED_DEVICE_FAMILY = "1,2";
			};
			name = Debug;
		};
		8743CB9C23A372700036625D /* Release */ = {
			isa = XCBuildConfiguration;
			buildSettings = {
				ASSETCATALOG_COMPILER_APPICON_NAME = AppIcon;
				CODE_SIGN_STYLE = Automatic;
				DEVELOPMENT_TEAM = 55JFH8JW5G;
				INFOPLIST_FILE = collectionview/Info.plist;
				IPHONEOS_DEPLOYMENT_TARGET = 13.1;
				LD_RUNPATH_SEARCH_PATHS = (
					"$(inherited)",
					"@executable_path/Frameworks",
				);
				PRODUCT_BUNDLE_IDENTIFIER = tsun.collectionview;
				PRODUCT_NAME = "$(TARGET_NAME)";
				SWIFT_VERSION = 5.0;
				TARGETED_DEVICE_FAMILY = "1,2";
			};
			name = Release;
		};
		8743CB9E23A372700036625D /* Debug */ = {
			isa = XCBuildConfiguration;
			buildSettings = {
				ALWAYS_EMBED_SWIFT_STANDARD_LIBRARIES = YES;
				BUNDLE_LOADER = "$(TEST_HOST)";
				CODE_SIGN_STYLE = Automatic;
				DEVELOPMENT_TEAM = 55JFH8JW5G;
				INFOPLIST_FILE = collectionviewTests/Info.plist;
				IPHONEOS_DEPLOYMENT_TARGET = 13.2;
				LD_RUNPATH_SEARCH_PATHS = (
					"$(inherited)",
					"@executable_path/Frameworks",
					"@loader_path/Frameworks",
				);
				PRODUCT_BUNDLE_IDENTIFIER = tsun.collectionviewTests;
				PRODUCT_NAME = "$(TARGET_NAME)";
				SWIFT_VERSION = 5.0;
				TARGETED_DEVICE_FAMILY = "1,2";
				TEST_HOST = "$(BUILT_PRODUCTS_DIR)/collectionview.app/collectionview";
			};
			name = Debug;
		};
		8743CB9F23A372700036625D /* Release */ = {
			isa = XCBuildConfiguration;
			buildSettings = {
				ALWAYS_EMBED_SWIFT_STANDARD_LIBRARIES = YES;
				BUNDLE_LOADER = "$(TEST_HOST)";
				CODE_SIGN_STYLE = Automatic;
				DEVELOPMENT_TEAM = 55JFH8JW5G;
				INFOPLIST_FILE = collectionviewTests/Info.plist;
				IPHONEOS_DEPLOYMENT_TARGET = 13.2;
				LD_RUNPATH_SEARCH_PATHS = (
					"$(inherited)",
					"@executable_path/Frameworks",
					"@loader_path/Frameworks",
				);
				PRODUCT_BUNDLE_IDENTIFIER = tsun.collectionviewTests;
				PRODUCT_NAME = "$(TARGET_NAME)";
				SWIFT_VERSION = 5.0;
				TARGETED_DEVICE_FAMILY = "1,2";
				TEST_HOST = "$(BUILT_PRODUCTS_DIR)/collectionview.app/collectionview";
			};
			name = Release;
		};
		8743CBA123A372700036625D /* Debug */ = {
			isa = XCBuildConfiguration;
			buildSettings = {
				ALWAYS_EMBED_SWIFT_STANDARD_LIBRARIES = YES;
				CODE_SIGN_STYLE = Automatic;
				DEVELOPMENT_TEAM = 55JFH8JW5G;
				INFOPLIST_FILE = collectionviewUITests/Info.plist;
				LD_RUNPATH_SEARCH_PATHS = (
					"$(inherited)",
					"@executable_path/Frameworks",
					"@loader_path/Frameworks",
				);
				PRODUCT_BUNDLE_IDENTIFIER = tsun.collectionviewUITests;
				PRODUCT_NAME = "$(TARGET_NAME)";
				SWIFT_VERSION = 5.0;
				TARGETED_DEVICE_FAMILY = "1,2";
				TEST_TARGET_NAME = collectionview;
			};
			name = Debug;
		};
		8743CBA223A372700036625D /* Release */ = {
			isa = XCBuildConfiguration;
			buildSettings = {
				ALWAYS_EMBED_SWIFT_STANDARD_LIBRARIES = YES;
				CODE_SIGN_STYLE = Automatic;
				DEVELOPMENT_TEAM = 55JFH8JW5G;
				INFOPLIST_FILE = collectionviewUITests/Info.plist;
				LD_RUNPATH_SEARCH_PATHS = (
					"$(inherited)",
					"@executable_path/Frameworks",
					"@loader_path/Frameworks",
				);
				PRODUCT_BUNDLE_IDENTIFIER = tsun.collectionviewUITests;
				PRODUCT_NAME = "$(TARGET_NAME)";
				SWIFT_VERSION = 5.0;
				TARGETED_DEVICE_FAMILY = "1,2";
				TEST_TARGET_NAME = collectionview;
			};
			name = Release;
		};
/* End XCBuildConfiguration section */

/* Begin XCConfigurationList section */
		8743CB6B23A3726C0036625D /* Build configuration list for PBXProject "collectionview" */ = {
			isa = XCConfigurationList;
			buildConfigurations = (
				8743CB9823A372700036625D /* Debug */,
				8743CB9923A372700036625D /* Release */,
			);
			defaultConfigurationIsVisible = 0;
			defaultConfigurationName = Release;
		};
		8743CB9A23A372700036625D /* Build configuration list for PBXNativeTarget "collectionview" */ = {
			isa = XCConfigurationList;
			buildConfigurations = (
				8743CB9B23A372700036625D /* Debug */,
				8743CB9C23A372700036625D /* Release */,
			);
			defaultConfigurationIsVisible = 0;
			defaultConfigurationName = Release;
		};
		8743CB9D23A372700036625D /* Build configuration list for PBXNativeTarget "collectionviewTests" */ = {
			isa = XCConfigurationList;
			buildConfigurations = (
				8743CB9E23A372700036625D /* Debug */,
				8743CB9F23A372700036625D /* Release */,
			);
			defaultConfigurationIsVisible = 0;
			defaultConfigurationName = Release;
		};
		8743CBA023A372700036625D /* Build configuration list for PBXNativeTarget "collectionviewUITests" */ = {
			isa = XCConfigurationList;
			buildConfigurations = (
				8743CBA123A372700036625D /* Debug */,
				8743CBA223A372700036625D /* Release */,
			);
			defaultConfigurationIsVisible = 0;
			defaultConfigurationName = Release;
		};
/* End XCConfigurationList section */
	};
	rootObject = 8743CB6823A3726C0036625D /* Project object */;
}
