// !$*UTF8*$!
{
	archiveVersion = 1;
	classes = {
	};
	objectVersion = 50;
	objects = {

/* Begin PBXBuildFile section */
		874A71B62375D93C00AD2823 /* AppDelegate.swift in Sources */ = {isa = PBXBuildFile; fileRef = 874A71B52375D93C00AD2823 /* AppDelegate.swift */; };
		874A71B82375D93C00AD2823 /* SceneDelegate.swift in Sources */ = {isa = PBXBuildFile; fileRef = 874A71B72375D93C00AD2823 /* SceneDelegate.swift */; };
		874A71BA2375D93C00AD2823 /* ContentView.swift in Sources */ = {isa = PBXBuildFile; fileRef = 874A71B92375D93C00AD2823 /* ContentView.swift */; };
		874A71BC2375D93E00AD2823 /* Assets.xcassets in Resources */ = {isa = PBXBuildFile; fileRef = 874A71BB2375D93E00AD2823 /* Assets.xcassets */; };
		874A71BF2375D93E00AD2823 /* Preview Assets.xcassets in Resources */ = {isa = PBXBuildFile; fileRef = 874A71BE2375D93E00AD2823 /* Preview Assets.xcassets */; };
		874A71C22375D93E00AD2823 /* LaunchScreen.storyboard in Resources */ = {isa = PBXBuildFile; fileRef = 874A71C02375D93E00AD2823 /* LaunchScreen.storyboard */; };
		874A71CD2375D93E00AD2823 /* testappTests.swift in Sources */ = {isa = PBXBuildFile; fileRef = 874A71CC2375D93E00AD2823 /* testappTests.swift */; };
		874A71D82375D93E00AD2823 /* testappUITests.swift in Sources */ = {isa = PBXBuildFile; fileRef = 874A71D72375D93E00AD2823 /* testappUITests.swift */; };
/* End PBXBuildFile section */

/* Begin PBXContainerItemProxy section */
		874A71C92375D93E00AD2823 /* PBXContainerItemProxy */ = {
			isa = PBXContainerItemProxy;
			containerPortal = 874A71AA2375D93C00AD2823 /* Project object */;
			proxyType = 1;
			remoteGlobalIDString = 874A71B12375D93C00AD2823;
			remoteInfo = testapp;
		};
		874A71D42375D93E00AD2823 /* PBXContainerItemProxy */ = {
			isa = PBXContainerItemProxy;
			containerPortal = 874A71AA2375D93C00AD2823 /* Project object */;
			proxyType = 1;
			remoteGlobalIDString = 874A71B12375D93C00AD2823;
			remoteInfo = testapp;
		};
/* End PBXContainerItemProxy section */

/* Begin PBXFileReference section */
		874A71B22375D93C00AD2823 /* testapp.app */ = {isa = PBXFileReference; explicitFileType = wrapper.application; includeInIndex = 0; path = testapp.app; sourceTree = BUILT_PRODUCTS_DIR; };
		874A71B52375D93C00AD2823 /* AppDelegate.swift */ = {isa = PBXFileReference; lastKnownFileType = sourcecode.swift; path = AppDelegate.swift; sourceTree = "<group>"; };
		874A71B72375D93C00AD2823 /* SceneDelegate.swift */ = {isa = PBXFileReference; lastKnownFileType = sourcecode.swift; path = SceneDelegate.swift; sourceTree = "<group>"; };
		874A71B92375D93C00AD2823 /* ContentView.swift */ = {isa = PBXFileReference; lastKnownFileType = sourcecode.swift; path = ContentView.swift; sourceTree = "<group>"; };
		874A71BB2375D93E00AD2823 /* Assets.xcassets */ = {isa = PBXFileReference; lastKnownFileType = folder.assetcatalog; path = Assets.xcassets; sourceTree = "<group>"; };
		874A71BE2375D93E00AD2823 /* Preview Assets.xcassets */ = {isa = PBXFileReference; lastKnownFileType = folder.assetcatalog; path = "Preview Assets.xcassets"; sourceTree = "<group>"; };
		874A71C12375D93E00AD2823 /* Base */ = {isa = PBXFileReference; lastKnownFileType = file.storyboard; name = Base; path = Base.lproj/LaunchScreen.storyboard; sourceTree = "<group>"; };
		874A71C32375D93E00AD2823 /* Info.plist */ = {isa = PBXFileReference; lastKnownFileType = text.plist.xml; path = Info.plist; sourceTree = "<group>"; };
		874A71C82375D93E00AD2823 /* testappTests.xctest */ = {isa = PBXFileReference; explicitFileType = wrapper.cfbundle; includeInIndex = 0; path = testappTests.xctest; sourceTree = BUILT_PRODUCTS_DIR; };
		874A71CC2375D93E00AD2823 /* testappTests.swift */ = {isa = PBXFileReference; lastKnownFileType = sourcecode.swift; path = testappTests.swift; sourceTree = "<group>"; };
		874A71CE2375D93E00AD2823 /* Info.plist */ = {isa = PBXFileReference; lastKnownFileType = text.plist.xml; path = Info.plist; sourceTree = "<group>"; };
		874A71D32375D93E00AD2823 /* testappUITests.xctest */ = {isa = PBXFileReference; explicitFileType = wrapper.cfbundle; includeInIndex = 0; path = testappUITests.xctest; sourceTree = BUILT_PRODUCTS_DIR; };
		874A71D72375D93E00AD2823 /* testappUITests.swift */ = {isa = PBXFileReference; lastKnownFileType = sourcecode.swift; path = testappUITests.swift; sourceTree = "<group>"; };
		874A71D92375D93E00AD2823 /* Info.plist */ = {isa = PBXFileReference; lastKnownFileType = text.plist.xml; path = Info.plist; sourceTree = "<group>"; };
/* End PBXFileReference section */

/* Begin PBXFrameworksBuildPhase section */
		874A71AF2375D93C00AD2823 /* Frameworks */ = {
			isa = PBXFrameworksBuildPhase;
			buildActionMask = 2147483647;
			files = (
			);
			runOnlyForDeploymentPostprocessing = 0;
		};
		874A71C52375D93E00AD2823 /* Frameworks */ = {
			isa = PBXFrameworksBuildPhase;
			buildActionMask = 2147483647;
			files = (
			);
			runOnlyForDeploymentPostprocessing = 0;
		};
		874A71D02375D93E00AD2823 /* Frameworks */ = {
			isa = PBXFrameworksBuildPhase;
			buildActionMask = 2147483647;
			files = (
			);
			runOnlyForDeploymentPostprocessing = 0;
		};
/* End PBXFrameworksBuildPhase section */

/* Begin PBXGroup section */
		874A71A92375D93C00AD2823 = {
			isa = PBXGroup;
			children = (
				874A71B42375D93C00AD2823 /* testapp */,
				874A71CB2375D93E00AD2823 /* testappTests */,
				874A71D62375D93E00AD2823 /* testappUITests */,
				874A71B32375D93C00AD2823 /* Products */,
			);
			sourceTree = "<group>";
		};
		874A71B32375D93C00AD2823 /* Products */ = {
			isa = PBXGroup;
			children = (
				874A71B22375D93C00AD2823 /* testapp.app */,
				874A71C82375D93E00AD2823 /* testappTests.xctest */,
				874A71D32375D93E00AD2823 /* testappUITests.xctest */,
			);
			name = Products;
			sourceTree = "<group>";
		};
		874A71B42375D93C00AD2823 /* testapp */ = {
			isa = PBXGroup;
			children = (
				874A71B52375D93C00AD2823 /* AppDelegate.swift */,
				874A71B72375D93C00AD2823 /* SceneDelegate.swift */,
				874A71B92375D93C00AD2823 /* ContentView.swift */,
				874A71BB2375D93E00AD2823 /* Assets.xcassets */,
				874A71C02375D93E00AD2823 /* LaunchScreen.storyboard */,
				874A71C32375D93E00AD2823 /* Info.plist */,
				874A71BD2375D93E00AD2823 /* Preview Content */,
			);
			path = testapp;
			sourceTree = "<group>";
		};
		874A71BD2375D93E00AD2823 /* Preview Content */ = {
			isa = PBXGroup;
			children = (
				874A71BE2375D93E00AD2823 /* Preview Assets.xcassets */,
			);
			path = "Preview Content";
			sourceTree = "<group>";
		};
		874A71CB2375D93E00AD2823 /* testappTests */ = {
			isa = PBXGroup;
			children = (
				874A71CC2375D93E00AD2823 /* testappTests.swift */,
				874A71CE2375D93E00AD2823 /* Info.plist */,
			);
			path = testappTests;
			sourceTree = "<group>";
		};
		874A71D62375D93E00AD2823 /* testappUITests */ = {
			isa = PBXGroup;
			children = (
				874A71D72375D93E00AD2823 /* testappUITests.swift */,
				874A71D92375D93E00AD2823 /* Info.plist */,
			);
			path = testappUITests;
			sourceTree = "<group>";
		};
/* End PBXGroup section */

/* Begin PBXNativeTarget section */
		874A71B12375D93C00AD2823 /* testapp */ = {
			isa = PBXNativeTarget;
			buildConfigurationList = 874A71DC2375D93E00AD2823 /* Build configuration list for PBXNativeTarget "testapp" */;
			buildPhases = (
				874A71AE2375D93C00AD2823 /* Sources */,
				874A71AF2375D93C00AD2823 /* Frameworks */,
				874A71B02375D93C00AD2823 /* Resources */,
			);
			buildRules = (
			);
			dependencies = (
			);
			name = testapp;
			productName = testapp;
			productReference = 874A71B22375D93C00AD2823 /* testapp.app */;
			productType = "com.apple.product-type.application";
		};
		874A71C72375D93E00AD2823 /* testappTests */ = {
			isa = PBXNativeTarget;
			buildConfigurationList = 874A71DF2375D93E00AD2823 /* Build configuration list for PBXNativeTarget "testappTests" */;
			buildPhases = (
				874A71C42375D93E00AD2823 /* Sources */,
				874A71C52375D93E00AD2823 /* Frameworks */,
				874A71C62375D93E00AD2823 /* Resources */,
			);
			buildRules = (
			);
			dependencies = (
				874A71CA2375D93E00AD2823 /* PBXTargetDependency */,
			);
			name = testappTests;
			productName = testappTests;
			productReference = 874A71C82375D93E00AD2823 /* testappTests.xctest */;
			productType = "com.apple.product-type.bundle.unit-test";
		};
		874A71D22375D93E00AD2823 /* testappUITests */ = {
			isa = PBXNativeTarget;
			buildConfigurationList = 874A71E22375D93E00AD2823 /* Build configuration list for PBXNativeTarget "testappUITests" */;
			buildPhases = (
				874A71CF2375D93E00AD2823 /* Sources */,
				874A71D02375D93E00AD2823 /* Frameworks */,
				874A71D12375D93E00AD2823 /* Resources */,
			);
			buildRules = (
			);
			dependencies = (
				874A71D52375D93E00AD2823 /* PBXTargetDependency */,
			);
			name = testappUITests;
			productName = testappUITests;
			productReference = 874A71D32375D93E00AD2823 /* testappUITests.xctest */;
			productType = "com.apple.product-type.bundle.ui-testing";
		};
/* End PBXNativeTarget section */

/* Begin PBXProject section */
		874A71AA2375D93C00AD2823 /* Project object */ = {
			isa = PBXProject;
			attributes = {
				LastSwiftUpdateCheck = 1120;
				LastUpgradeCheck = 1120;
				ORGANIZATIONNAME = "Takato Nakamatsu";
				TargetAttributes = {
					874A71B12375D93C00AD2823 = {
						CreatedOnToolsVersion = 11.2;
					};
					874A71C72375D93E00AD2823 = {
						CreatedOnToolsVersion = 11.2;
						TestTargetID = 874A71B12375D93C00AD2823;
					};
					874A71D22375D93E00AD2823 = {
						CreatedOnToolsVersion = 11.2;
						TestTargetID = 874A71B12375D93C00AD2823;
					};
				};
			};
			buildConfigurationList = 874A71AD2375D93C00AD2823 /* Build configuration list for PBXProject "testapp" */;
			compatibilityVersion = "Xcode 9.3";
			developmentRegion = en;
			hasScannedForEncodings = 0;
			knownRegions = (
				en,
				Base,
			);
			mainGroup = 874A71A92375D93C00AD2823;
			productRefGroup = 874A71B32375D93C00AD2823 /* Products */;
			projectDirPath = "";
			projectRoot = "";
			targets = (
				874A71B12375D93C00AD2823 /* testapp */,
				874A71C72375D93E00AD2823 /* testappTests */,
				874A71D22375D93E00AD2823 /* testappUITests */,
			);
		};
/* End PBXProject section */

/* Begin PBXResourcesBuildPhase section */
		874A71B02375D93C00AD2823 /* Resources */ = {
			isa = PBXResourcesBuildPhase;
			buildActionMask = 2147483647;
			files = (
				874A71C22375D93E00AD2823 /* LaunchScreen.storyboard in Resources */,
				874A71BF2375D93E00AD2823 /* Preview Assets.xcassets in Resources */,
				874A71BC2375D93E00AD2823 /* Assets.xcassets in Resources */,
			);
			runOnlyForDeploymentPostprocessing = 0;
		};
		874A71C62375D93E00AD2823 /* Resources */ = {
			isa = PBXResourcesBuildPhase;
			buildActionMask = 2147483647;
			files = (
			);
			runOnlyForDeploymentPostprocessing = 0;
		};
		874A71D12375D93E00AD2823 /* Resources */ = {
			isa = PBXResourcesBuildPhase;
			buildActionMask = 2147483647;
			files = (
			);
			runOnlyForDeploymentPostprocessing = 0;
		};
/* End PBXResourcesBuildPhase section */

/* Begin PBXSourcesBuildPhase section */
		874A71AE2375D93C00AD2823 /* Sources */ = {
			isa = PBXSourcesBuildPhase;
			buildActionMask = 2147483647;
			files = (
				874A71B62375D93C00AD2823 /* AppDelegate.swift in Sources */,
				874A71B82375D93C00AD2823 /* SceneDelegate.swift in Sources */,
				874A71BA2375D93C00AD2823 /* ContentView.swift in Sources */,
			);
			runOnlyForDeploymentPostprocessing = 0;
		};
		874A71C42375D93E00AD2823 /* Sources */ = {
			isa = PBXSourcesBuildPhase;
			buildActionMask = 2147483647;
			files = (
				874A71CD2375D93E00AD2823 /* testappTests.swift in Sources */,
			);
			runOnlyForDeploymentPostprocessing = 0;
		};
		874A71CF2375D93E00AD2823 /* Sources */ = {
			isa = PBXSourcesBuildPhase;
			buildActionMask = 2147483647;
			files = (
				874A71D82375D93E00AD2823 /* testappUITests.swift in Sources */,
			);
			runOnlyForDeploymentPostprocessing = 0;
		};
/* End PBXSourcesBuildPhase section */

/* Begin PBXTargetDependency section */
		874A71CA2375D93E00AD2823 /* PBXTargetDependency */ = {
			isa = PBXTargetDependency;
			target = 874A71B12375D93C00AD2823 /* testapp */;
			targetProxy = 874A71C92375D93E00AD2823 /* PBXContainerItemProxy */;
		};
		874A71D52375D93E00AD2823 /* PBXTargetDependency */ = {
			isa = PBXTargetDependency;
			target = 874A71B12375D93C00AD2823 /* testapp */;
			targetProxy = 874A71D42375D93E00AD2823 /* PBXContainerItemProxy */;
		};
/* End PBXTargetDependency section */

/* Begin PBXVariantGroup section */
		874A71C02375D93E00AD2823 /* LaunchScreen.storyboard */ = {
			isa = PBXVariantGroup;
			children = (
				874A71C12375D93E00AD2823 /* Base */,
			);
			name = LaunchScreen.storyboard;
			sourceTree = "<group>";
		};
/* End PBXVariantGroup section */

/* Begin XCBuildConfiguration section */
		874A71DA2375D93E00AD2823 /* Debug */ = {
			isa = XCBuildConfiguration;
			buildSettings = {
				ALWAYS_SEARCH_USER_PATHS = NO;
				CLANG_ANALYZER_NONNULL = YES;
				CLANG_ANALYZER_NUMBER_OBJECT_CONVERSION = YES_AGGRESSIVE;
				CLANG_CXX_LANGUAGE_STANDARD = "gnu++14";
				CLANG_CXX_LIBRARY = "libc++";
				CLANG_ENABLE_MODULES = YES;
				CLANG_ENABLE_OBJC_ARC = YES;
				CLANG_ENABLE_OBJC_WEAK = YES;
				CLANG_WARN_BLOCK_CAPTURE_AUTORELEASING = YES;
				CLANG_WARN_BOOL_CONVERSION = YES;
				CLANG_WARN_COMMA = YES;
				CLANG_WARN_CONSTANT_CONVERSION = YES;
				CLANG_WARN_DEPRECATED_OBJC_IMPLEMENTATIONS = YES;
				CLANG_WARN_DIRECT_OBJC_ISA_USAGE = YES_ERROR;
				CLANG_WARN_DOCUMENTATION_COMMENTS = YES;
				CLANG_WARN_EMPTY_BODY = YES;
				CLANG_WARN_ENUM_CONVERSION = YES;
				CLANG_WARN_INFINITE_RECURSION = YES;
				CLANG_WARN_INT_CONVERSION = YES;
				CLANG_WARN_NON_LITERAL_NULL_CONVERSION = YES;
				CLANG_WARN_OBJC_IMPLICIT_RETAIN_SELF = YES;
				CLANG_WARN_OBJC_LITERAL_CONVERSION = YES;
				CLANG_WARN_OBJC_ROOT_CLASS = YES_ERROR;
				CLANG_WARN_RANGE_LOOP_ANALYSIS = YES;
				CLANG_WARN_STRICT_PROTOTYPES = YES;
				CLANG_WARN_SUSPICIOUS_MOVE = YES;
				CLANG_WARN_UNGUARDED_AVAILABILITY = YES_AGGRESSIVE;
				CLANG_WARN_UNREACHABLE_CODE = YES;
				CLANG_WARN__DUPLICATE_METHOD_MATCH = YES;
				COPY_PHASE_STRIP = NO;
				DEBUG_INFORMATION_FORMAT = dwarf;
				ENABLE_STRICT_OBJC_MSGSEND = YES;
				ENABLE_TESTABILITY = YES;
				GCC_C_LANGUAGE_STANDARD = gnu11;
				GCC_DYNAMIC_NO_PIC = NO;
				GCC_NO_COMMON_BLOCKS = YES;
				GCC_OPTIMIZATION_LEVEL = 0;
				GCC_PREPROCESSOR_DEFINITIONS = (
					"DEBUG=1",
					"$(inherited)",
				);
				GCC_WARN_64_TO_32_BIT_CONVERSION = YES;
				GCC_WARN_ABOUT_RETURN_TYPE = YES_ERROR;
				GCC_WARN_UNDECLARED_SELECTOR = YES;
				GCC_WARN_UNINITIALIZED_AUTOS = YES_AGGRESSIVE;
				GCC_WARN_UNUSED_FUNCTION = YES;
				GCC_WARN_UNUSED_VARIABLE = YES;
				IPHONEOS_DEPLOYMENT_TARGET = 13.2;
				MTL_ENABLE_DEBUG_INFO = INCLUDE_SOURCE;
				MTL_FAST_MATH = YES;
				ONLY_ACTIVE_ARCH = YES;
				SDKROOT = iphoneos;
				SWIFT_ACTIVE_COMPILATION_CONDITIONS = DEBUG;
				SWIFT_OPTIMIZATION_LEVEL = "-Onone";
			};
			name = Debug;
		};
		874A71DB2375D93E00AD2823 /* Release */ = {
			isa = XCBuildConfiguration;
			buildSettings = {
				ALWAYS_SEARCH_USER_PATHS = NO;
				CLANG_ANALYZER_NONNULL = YES;
				CLANG_ANALYZER_NUMBER_OBJECT_CONVERSION = YES_AGGRESSIVE;
				CLANG_CXX_LANGUAGE_STANDARD = "gnu++14";
				CLANG_CXX_LIBRARY = "libc++";
				CLANG_ENABLE_MODULES = YES;
				CLANG_ENABLE_OBJC_ARC = YES;
				CLANG_ENABLE_OBJC_WEAK = YES;
				CLANG_WARN_BLOCK_CAPTURE_AUTORELEASING = YES;
				CLANG_WARN_BOOL_CONVERSION = YES;
				CLANG_WARN_COMMA = YES;
				CLANG_WARN_CONSTANT_CONVERSION = YES;
				CLANG_WARN_DEPRECATED_OBJC_IMPLEMENTATIONS = YES;
				CLANG_WARN_DIRECT_OBJC_ISA_USAGE = YES_ERROR;
				CLANG_WARN_DOCUMENTATION_COMMENTS = YES;
				CLANG_WARN_EMPTY_BODY = YES;
				CLANG_WARN_ENUM_CONVERSION = YES;
				CLANG_WARN_INFINITE_RECURSION = YES;
				CLANG_WARN_INT_CONVERSION = YES;
				CLANG_WARN_NON_LITERAL_NULL_CONVERSION = YES;
				CLANG_WARN_OBJC_IMPLICIT_RETAIN_SELF = YES;
				CLANG_WARN_OBJC_LITERAL_CONVERSION = YES;
				CLANG_WARN_OBJC_ROOT_CLASS = YES_ERROR;
				CLANG_WARN_RANGE_LOOP_ANALYSIS = YES;
				CLANG_WARN_STRICT_PROTOTYPES = YES;
				CLANG_WARN_SUSPICIOUS_MOVE = YES;
				CLANG_WARN_UNGUARDED_AVAILABILITY = YES_AGGRESSIVE;
				CLANG_WARN_UNREACHABLE_CODE = YES;
				CLANG_WARN__DUPLICATE_METHOD_MATCH = YES;
				COPY_PHASE_STRIP = NO;
				DEBUG_INFORMATION_FORMAT = "dwarf-with-dsym";
				ENABLE_NS_ASSERTIONS = NO;
				ENABLE_STRICT_OBJC_MSGSEND = YES;
				GCC_C_LANGUAGE_STANDARD = gnu11;
				GCC_NO_COMMON_BLOCKS = YES;
				GCC_WARN_64_TO_32_BIT_CONVERSION = YES;
				GCC_WARN_ABOUT_RETURN_TYPE = YES_ERROR;
				GCC_WARN_UNDECLARED_SELECTOR = YES;
				GCC_WARN_UNINITIALIZED_AUTOS = YES_AGGRESSIVE;
				GCC_WARN_UNUSED_FUNCTION = YES;
				GCC_WARN_UNUSED_VARIABLE = YES;
				IPHONEOS_DEPLOYMENT_TARGET = 13.2;
				MTL_ENABLE_DEBUG_INFO = NO;
				MTL_FAST_MATH = YES;
				SDKROOT = iphoneos;
				SWIFT_COMPILATION_MODE = wholemodule;
				SWIFT_OPTIMIZATION_LEVEL = "-O";
				VALIDATE_PRODUCT = YES;
			};
			name = Release;
		};
		874A71DD2375D93E00AD2823 /* Debug */ = {
			isa = XCBuildConfiguration;
			buildSettings = {
				ASSETCATALOG_COMPILER_APPICON_NAME = AppIcon;
				CODE_SIGN_STYLE = Automatic;
				DEVELOPMENT_ASSET_PATHS = "\"testapp/Preview Content\"";
				ENABLE_PREVIEWS = YES;
				INFOPLIST_FILE = testapp/Info.plist;
				LD_RUNPATH_SEARCH_PATHS = (
					"$(inherited)",
					"@executable_path/Frameworks",
				);
				PRODUCT_BUNDLE_IDENTIFIER = tsun.testapp;
				PRODUCT_NAME = "$(TARGET_NAME)";
				SWIFT_VERSION = 5.0;
				TARGETED_DEVICE_FAMILY = "1,2";
			};
			name = Debug;
		};
		874A71DE2375D93E00AD2823 /* Release */ = {
			isa = XCBuildConfiguration;
			buildSettings = {
				ASSETCATALOG_COMPILER_APPICON_NAME = AppIcon;
				CODE_SIGN_STYLE = Automatic;
				DEVELOPMENT_ASSET_PATHS = "\"testapp/Preview Content\"";
				ENABLE_PREVIEWS = YES;
				INFOPLIST_FILE = testapp/Info.plist;
				LD_RUNPATH_SEARCH_PATHS = (
					"$(inherited)",
					"@executable_path/Frameworks",
				);
				PRODUCT_BUNDLE_IDENTIFIER = tsun.testapp;
				PRODUCT_NAME = "$(TARGET_NAME)";
				SWIFT_VERSION = 5.0;
				TARGETED_DEVICE_FAMILY = "1,2";
			};
			name = Release;
		};
		874A71E02375D93E00AD2823 /* Debug */ = {
			isa = XCBuildConfiguration;
			buildSettings = {
				ALWAYS_EMBED_SWIFT_STANDARD_LIBRARIES = YES;
				BUNDLE_LOADER = "$(TEST_HOST)";
				CODE_SIGN_STYLE = Automatic;
				INFOPLIST_FILE = testappTests/Info.plist;
				IPHONEOS_DEPLOYMENT_TARGET = 13.2;
				LD_RUNPATH_SEARCH_PATHS = (
					"$(inherited)",
					"@executable_path/Frameworks",
					"@loader_path/Frameworks",
				);
				PRODUCT_BUNDLE_IDENTIFIER = tsun.testappTests;
				PRODUCT_NAME = "$(TARGET_NAME)";
				SWIFT_VERSION = 5.0;
				TARGETED_DEVICE_FAMILY = "1,2";
				TEST_HOST = "$(BUILT_PRODUCTS_DIR)/testapp.app/testapp";
			};
			name = Debug;
		};
		874A71E12375D93E00AD2823 /* Release */ = {
			isa = XCBuildConfiguration;
			buildSettings = {
				ALWAYS_EMBED_SWIFT_STANDARD_LIBRARIES = YES;
				BUNDLE_LOADER = "$(TEST_HOST)";
				CODE_SIGN_STYLE = Automatic;
				INFOPLIST_FILE = testappTests/Info.plist;
				IPHONEOS_DEPLOYMENT_TARGET = 13.2;
				LD_RUNPATH_SEARCH_PATHS = (
					"$(inherited)",
					"@executable_path/Frameworks",
					"@loader_path/Frameworks",
				);
				PRODUCT_BUNDLE_IDENTIFIER = tsun.testappTests;
				PRODUCT_NAME = "$(TARGET_NAME)";
				SWIFT_VERSION = 5.0;
				TARGETED_DEVICE_FAMILY = "1,2";
				TEST_HOST = "$(BUILT_PRODUCTS_DIR)/testapp.app/testapp";
			};
			name = Release;
		};
		874A71E32375D93E00AD2823 /* Debug */ = {
			isa = XCBuildConfiguration;
			buildSettings = {
				ALWAYS_EMBED_SWIFT_STANDARD_LIBRARIES = YES;
				CODE_SIGN_STYLE = Automatic;
				INFOPLIST_FILE = testappUITests/Info.plist;
				LD_RUNPATH_SEARCH_PATHS = (
					"$(inherited)",
					"@executable_path/Frameworks",
					"@loader_path/Frameworks",
				);
				PRODUCT_BUNDLE_IDENTIFIER = tsun.testappUITests;
				PRODUCT_NAME = "$(TARGET_NAME)";
				SWIFT_VERSION = 5.0;
				TARGETED_DEVICE_FAMILY = "1,2";
				TEST_TARGET_NAME = testapp;
			};
			name = Debug;
		};
		874A71E42375D93E00AD2823 /* Release */ = {
			isa = XCBuildConfiguration;
			buildSettings = {
				ALWAYS_EMBED_SWIFT_STANDARD_LIBRARIES = YES;
				CODE_SIGN_STYLE = Automatic;
				INFOPLIST_FILE = testappUITests/Info.plist;
				LD_RUNPATH_SEARCH_PATHS = (
					"$(inherited)",
					"@executable_path/Frameworks",
					"@loader_path/Frameworks",
				);
				PRODUCT_BUNDLE_IDENTIFIER = tsun.testappUITests;
				PRODUCT_NAME = "$(TARGET_NAME)";
				SWIFT_VERSION = 5.0;
				TARGETED_DEVICE_FAMILY = "1,2";
				TEST_TARGET_NAME = testapp;
			};
			name = Release;
		};
/* End XCBuildConfiguration section */

/* Begin XCConfigurationList section */
		874A71AD2375D93C00AD2823 /* Build configuration list for PBXProject "testapp" */ = {
			isa = XCConfigurationList;
			buildConfigurations = (
				874A71DA2375D93E00AD2823 /* Debug */,
				874A71DB2375D93E00AD2823 /* Release */,
			);
			defaultConfigurationIsVisible = 0;
			defaultConfigurationName = Release;
		};
		874A71DC2375D93E00AD2823 /* Build configuration list for PBXNativeTarget "testapp" */ = {
			isa = XCConfigurationList;
			buildConfigurations = (
				874A71DD2375D93E00AD2823 /* Debug */,
				874A71DE2375D93E00AD2823 /* Release */,
			);
			defaultConfigurationIsVisible = 0;
			defaultConfigurationName = Release;
		};
		874A71DF2375D93E00AD2823 /* Build configuration list for PBXNativeTarget "testappTests" */ = {
			isa = XCConfigurationList;
			buildConfigurations = (
				874A71E02375D93E00AD2823 /* Debug */,
				874A71E12375D93E00AD2823 /* Release */,
			);
			defaultConfigurationIsVisible = 0;
			defaultConfigurationName = Release;
		};
		874A71E22375D93E00AD2823 /* Build configuration list for PBXNativeTarget "testappUITests" */ = {
			isa = XCConfigurationList;
			buildConfigurations = (
				874A71E32375D93E00AD2823 /* Debug */,
				874A71E42375D93E00AD2823 /* Release */,
			);
			defaultConfigurationIsVisible = 0;
			defaultConfigurationName = Release;
		};
/* End XCConfigurationList section */
	};
	rootObject = 874A71AA2375D93C00AD2823 /* Project object */;
}
